PODS:
  - Nimble (8.0.5)
  - Quick (2.2.0)
  - Swifter (1.4.7)

DEPENDENCIES:
  - Nimble
  - Quick
  - Swifter (~> 1.4.7)

SPEC REPOS:
  https://github.com/CocoaPods/Specs.git:
    - Nimble
    - Quick
  trunk:
    - Swifter

SPEC CHECKSUMS:
  Nimble: 4ab1aeb9b45553c75b9687196b0fa0713170a332
  Quick: 7fb19e13be07b5dfb3b90d4f9824c855a11af40e
  Swifter: 2327ef5d872c638aebab79646ce494af508b0c8f

PODFILE CHECKSUM: 51fe1ceb981d8c637a12f511610bcd2602c1d3e7

COCOAPODS: 1.9.1
