// !$*UTF8*$!
{
	archiveVersion = 1;
	classes = {
	};
	objectVersion = 51;
	objects = {

/* Begin PBXBuildFile section */
		07770A261D94AD828B4E00B3 /* Pods_blockchain_eos.framework in Frameworks */ = {isa = PBXBuildFile; fileRef = A1F5B019575CFA0FEA7A51FD /* Pods_blockchain_eos.framework */; };
		500D789D24282C2A000C243F /* EOSIOBasedApiClient.swift in Sources */ = {isa = PBXBuildFile; fileRef = 500D789C24282C2A000C243F /* EOSIOBasedApiClient.swift */; };
		500D789F24283956000C243F /* APIClientFactory.swift in Sources */ = {isa = PBXBuildFile; fileRef = 500D789E24283956000C243F /* APIClientFactory.swift */; };
		5019C2822424885200B258F8 /* LaunchScreen.storyboard in Resources */ = {isa = PBXBuildFile; fileRef = 5019C2792424885200B258F8 /* LaunchScreen.storyboard */; };
		5019C2832424885200B258F8 /* Main.storyboard in Resources */ = {isa = PBXBuildFile; fileRef = 5019C27A2424885200B258F8 /* Main.storyboard */; };
		5019C2862424889300B258F8 /* RecentBlocksViewController.swift in Sources */ = {isa = PBXBuildFile; fileRef = 5019C2852424889300B258F8 /* RecentBlocksViewController.swift */; };
		5019C2882424898000B258F8 /* EosApi.swift in Sources */ = {isa = PBXBuildFile; fileRef = 5019C2872424898000B258F8 /* EosApi.swift */; };
		5019C28B24248AE500B258F8 /* Coordinator.swift in Sources */ = {isa = PBXBuildFile; fileRef = 5019C28A24248AE500B258F8 /* Coordinator.swift */; };
		5019C28D24248B1F00B258F8 /* RecentBlocksCoordinator.swift in Sources */ = {isa = PBXBuildFile; fileRef = 5019C28C24248B1F00B258F8 /* RecentBlocksCoordinator.swift */; };
		5019C28F24248BCB00B258F8 /* BlockDetailsCoordinator.swift in Sources */ = {isa = PBXBuildFile; fileRef = 5019C28E24248BCB00B258F8 /* BlockDetailsCoordinator.swift */; };
		5019C29124248E6000B258F8 /* EosBlock.swift in Sources */ = {isa = PBXBuildFile; fileRef = 5019C29024248E6000B258F8 /* EosBlock.swift */; };
		5019C29324248ECD00B258F8 /* EosInfo.swift in Sources */ = {isa = PBXBuildFile; fileRef = 5019C29224248ECD00B258F8 /* EosInfo.swift */; };
		5019C2952424FD2000B258F8 /* EosApiClient.swift in Sources */ = {isa = PBXBuildFile; fileRef = 5019C2942424FD2000B258F8 /* EosApiClient.swift */; };
		5019C2972425953700B258F8 /* BlockDetailsViewController.swift in Sources */ = {isa = PBXBuildFile; fileRef = 5019C2962425953700B258F8 /* BlockDetailsViewController.swift */; };
		5019C29C2425A66700B258F8 /* UIViewController+Extension.swift in Sources */ = {isa = PBXBuildFile; fileRef = 5019C29B2425A66700B258F8 /* UIViewController+Extension.swift */; };
		5019C2A124263F3700B258F8 /* AppCoordinator.swift in Sources */ = {isa = PBXBuildFile; fileRef = 5019C29E24263F3700B258F8 /* AppCoordinator.swift */; };
		5019C2A224263F3700B258F8 /* AppDelegate.swift in Sources */ = {isa = PBXBuildFile; fileRef = 5019C29F24263F3700B258F8 /* AppDelegate.swift */; };
		5019C2A524263FA800B258F8 /* BaseViewController.swift in Sources */ = {isa = PBXBuildFile; fileRef = 5019C2A424263FA800B258F8 /* BaseViewController.swift */; };
		5019C2A82426438100B258F8 /* RecentBlocksViewModel.swift in Sources */ = {isa = PBXBuildFile; fileRef = 5019C2A72426438100B258F8 /* RecentBlocksViewModel.swift */; };
		5019C2AE242664B400B258F8 /* BaseViewModel.swift in Sources */ = {isa = PBXBuildFile; fileRef = 5019C2AD242664B400B258F8 /* BaseViewModel.swift */; };
		5019C2B1242674A400B258F8 /* EosBlockTableViewCell.swift in Sources */ = {isa = PBXBuildFile; fileRef = 5019C2B0242674A400B258F8 /* EosBlockTableViewCell.swift */; };
		5019C2B524268FEF00B258F8 /* BlockDetailsViewModel.swift in Sources */ = {isa = PBXBuildFile; fileRef = 5019C2B424268FEF00B258F8 /* BlockDetailsViewModel.swift */; };
		5019C2C32426B8AD00B258F8 /* RecentBlocksViewControllerUITests.swift in Sources */ = {isa = PBXBuildFile; fileRef = 5019C2C22426B8AC00B258F8 /* RecentBlocksViewControllerUITests.swift */; };
		5019C2CD2426BE7C00B258F8 /* RecentBlocksViewControllerUITests.swift in Sources */ = {isa = PBXBuildFile; fileRef = 5019C2C72426BE7C00B258F8 /* RecentBlocksViewControllerUITests.swift */; };
		5019C2CE2426BE7C00B258F8 /* NetworkingTests.swift in Sources */ = {isa = PBXBuildFile; fileRef = 5019C2C92426BE7C00B258F8 /* NetworkingTests.swift */; };
		5019C2CF2426BE7C00B258F8 /* MockDataProvider.swift in Sources */ = {isa = PBXBuildFile; fileRef = 5019C2CB2426BE7C00B258F8 /* MockDataProvider.swift */; };
		5019C2D02426BE7C00B258F8 /* MockEosApi.swift in Sources */ = {isa = PBXBuildFile; fileRef = 5019C2CC2426BE7C00B258F8 /* MockEosApi.swift */; };
		5019C2D22426CFDF00B258F8 /* BlockDetailsViewControllerTests.swift in Sources */ = {isa = PBXBuildFile; fileRef = 5019C2D12426CFDF00B258F8 /* BlockDetailsViewControllerTests.swift */; };
		5019C2D42426D8DA00B258F8 /* UtilFunctionsTests.swift in Sources */ = {isa = PBXBuildFile; fileRef = 5019C2D32426D8DA00B258F8 /* UtilFunctionsTests.swift */; };
		5019C2D72426DD5A00B258F8 /* RecentBlocksViewModelTests.swift in Sources */ = {isa = PBXBuildFile; fileRef = 5019C2D62426DD5A00B258F8 /* RecentBlocksViewModelTests.swift */; };
		5019C2D92426E29800B258F8 /* BlockDetailsViewModelTests.swift in Sources */ = {isa = PBXBuildFile; fileRef = 5019C2D82426E29800B258F8 /* BlockDetailsViewModelTests.swift */; };
		5019C2DC2426E97400B258F8 /* RecentBlocksCoordinatorTests.swift in Sources */ = {isa = PBXBuildFile; fileRef = 5019C2DB2426E97400B258F8 /* RecentBlocksCoordinatorTests.swift */; };
		5019C2DE2426E98600B258F8 /* BlockDetailsCoordinatorTests.swift in Sources */ = {isa = PBXBuildFile; fileRef = 5019C2DD2426E98600B258F8 /* BlockDetailsCoordinatorTests.swift */; };
		5019C2E3242715E000B258F8 /* Constants.swift in Sources */ = {isa = PBXBuildFile; fileRef = 5019C2E2242715E000B258F8 /* Constants.swift */; };
		5019C2E92427ADED00B258F8 /* TestContants.swift in Sources */ = {isa = PBXBuildFile; fileRef = 5019C2E82427ADED00B258F8 /* TestContants.swift */; };
		5019C2EB2427B72200B258F8 /* CustomXCUIApplication.swift in Sources */ = {isa = PBXBuildFile; fileRef = 5019C2EA2427B72200B258F8 /* CustomXCUIApplication.swift */; };
		5019C2ED2427BF9000B258F8 /* BlockDetailsViewControllerUITests.swift in Sources */ = {isa = PBXBuildFile; fileRef = 5019C2EC2427BF9000B258F8 /* BlockDetailsViewControllerUITests.swift */; };
		5019C2EF2427CF1600B258F8 /* UIColor+Extension.swift in Sources */ = {isa = PBXBuildFile; fileRef = 5019C2EE2427CF1500B258F8 /* UIColor+Extension.swift */; };
		50CCB5A12424373D00E0F0E9 /* Assets.xcassets in Resources */ = {isa = PBXBuildFile; fileRef = 50CCB5A02424373D00E0F0E9 /* Assets.xcassets */; };
		584E14731CDD020AEEF96FE6 /* Pods_blockchain_eos_blockchain_eosUITests.framework in Frameworks */ = {isa = PBXBuildFile; fileRef = 642C4A3FCF86BD750130B495 /* Pods_blockchain_eos_blockchain_eosUITests.framework */; };
		C0459390FEAC8415BF54DBE5 /* Pods_blockchain_eosTests.framework in Frameworks */ = {isa = PBXBuildFile; fileRef = B8CDBA221433F2ADB9163500 /* Pods_blockchain_eosTests.framework */; };
/* End PBXBuildFile section */

/* Begin PBXContainerItemProxy section */
		50CCB5AB2424373D00E0F0E9 /* PBXContainerItemProxy */ = {
			isa = PBXContainerItemProxy;
			containerPortal = 50CCB58C2424373800E0F0E9 /* Project object */;
			proxyType = 1;
			remoteGlobalIDString = 50CCB5932424373800E0F0E9;
			remoteInfo = "blockchain-eos";
		};
		50CCB5B62424373D00E0F0E9 /* PBXContainerItemProxy */ = {
			isa = PBXContainerItemProxy;
			containerPortal = 50CCB58C2424373800E0F0E9 /* Project object */;
			proxyType = 1;
			remoteGlobalIDString = 50CCB5932424373800E0F0E9;
			remoteInfo = "blockchain-eos";
		};
/* End PBXContainerItemProxy section */

/* Begin PBXFileReference section */
		13B243C1FE37609779EC6F8B /* Pods-blockchain-eos.debug.xcconfig */ = {isa = PBXFileReference; includeInIndex = 1; lastKnownFileType = text.xcconfig; name = "Pods-blockchain-eos.debug.xcconfig"; path = "Target Support Files/Pods-blockchain-eos/Pods-blockchain-eos.debug.xcconfig"; sourceTree = "<group>"; };
		373B810E56DE49756F6E1325 /* Pods-blockchain-eos-blockchain-eosUITests.debug.xcconfig */ = {isa = PBXFileReference; includeInIndex = 1; lastKnownFileType = text.xcconfig; name = "Pods-blockchain-eos-blockchain-eosUITests.debug.xcconfig"; path = "Target Support Files/Pods-blockchain-eos-blockchain-eosUITests/Pods-blockchain-eos-blockchain-eosUITests.debug.xcconfig"; sourceTree = "<group>"; };
		500D789C24282C2A000C243F /* EOSIOBasedApiClient.swift */ = {isa = PBXFileReference; lastKnownFileType = sourcecode.swift; path = EOSIOBasedApiClient.swift; sourceTree = "<group>"; };
		500D789E24283956000C243F /* APIClientFactory.swift */ = {isa = PBXFileReference; lastKnownFileType = sourcecode.swift; path = APIClientFactory.swift; sourceTree = "<group>"; };
		5019C2792424885200B258F8 /* LaunchScreen.storyboard */ = {isa = PBXFileReference; fileEncoding = 4; lastKnownFileType = file.storyboard; path = LaunchScreen.storyboard; sourceTree = "<group>"; };
		5019C27A2424885200B258F8 /* Main.storyboard */ = {isa = PBXFileReference; fileEncoding = 4; lastKnownFileType = file.storyboard; path = Main.storyboard; sourceTree = "<group>"; };
		5019C2852424889300B258F8 /* RecentBlocksViewController.swift */ = {isa = PBXFileReference; lastKnownFileType = sourcecode.swift; path = RecentBlocksViewController.swift; sourceTree = "<group>"; };
		5019C2872424898000B258F8 /* EosApi.swift */ = {isa = PBXFileReference; lastKnownFileType = sourcecode.swift; path = EosApi.swift; sourceTree = "<group>"; };
		5019C28A24248AE500B258F8 /* Coordinator.swift */ = {isa = PBXFileReference; lastKnownFileType = sourcecode.swift; path = Coordinator.swift; sourceTree = "<group>"; };
		5019C28C24248B1F00B258F8 /* RecentBlocksCoordinator.swift */ = {isa = PBXFileReference; lastKnownFileType = sourcecode.swift; path = RecentBlocksCoordinator.swift; sourceTree = "<group>"; };
		5019C28E24248BCB00B258F8 /* BlockDetailsCoordinator.swift */ = {isa = PBXFileReference; lastKnownFileType = sourcecode.swift; path = BlockDetailsCoordinator.swift; sourceTree = "<group>"; };
		5019C29024248E6000B258F8 /* EosBlock.swift */ = {isa = PBXFileReference; lastKnownFileType = sourcecode.swift; path = EosBlock.swift; sourceTree = "<group>"; };
		5019C29224248ECD00B258F8 /* EosInfo.swift */ = {isa = PBXFileReference; lastKnownFileType = sourcecode.swift; path = EosInfo.swift; sourceTree = "<group>"; };
		5019C2942424FD2000B258F8 /* EosApiClient.swift */ = {isa = PBXFileReference; lastKnownFileType = sourcecode.swift; path = EosApiClient.swift; sourceTree = "<group>"; };
		5019C2962425953700B258F8 /* BlockDetailsViewController.swift */ = {isa = PBXFileReference; lastKnownFileType = sourcecode.swift; path = BlockDetailsViewController.swift; sourceTree = "<group>"; };
		5019C29B2425A66700B258F8 /* UIViewController+Extension.swift */ = {isa = PBXFileReference; lastKnownFileType = sourcecode.swift; path = "UIViewController+Extension.swift"; sourceTree = "<group>"; };
		5019C29E24263F3700B258F8 /* AppCoordinator.swift */ = {isa = PBXFileReference; fileEncoding = 4; lastKnownFileType = sourcecode.swift; path = AppCoordinator.swift; sourceTree = "<group>"; };
		5019C29F24263F3700B258F8 /* AppDelegate.swift */ = {isa = PBXFileReference; fileEncoding = 4; lastKnownFileType = sourcecode.swift; path = AppDelegate.swift; sourceTree = "<group>"; };
		5019C2A424263FA800B258F8 /* BaseViewController.swift */ = {isa = PBXFileReference; lastKnownFileType = sourcecode.swift; path = BaseViewController.swift; sourceTree = "<group>"; };
		5019C2A72426438100B258F8 /* RecentBlocksViewModel.swift */ = {isa = PBXFileReference; lastKnownFileType = sourcecode.swift; path = RecentBlocksViewModel.swift; sourceTree = "<group>"; };
		5019C2AD242664B400B258F8 /* BaseViewModel.swift */ = {isa = PBXFileReference; lastKnownFileType = sourcecode.swift; path = BaseViewModel.swift; sourceTree = "<group>"; };
		5019C2B0242674A400B258F8 /* EosBlockTableViewCell.swift */ = {isa = PBXFileReference; lastKnownFileType = sourcecode.swift; path = EosBlockTableViewCell.swift; sourceTree = "<group>"; };
		5019C2B424268FEF00B258F8 /* BlockDetailsViewModel.swift */ = {isa = PBXFileReference; lastKnownFileType = sourcecode.swift; path = BlockDetailsViewModel.swift; sourceTree = "<group>"; };
		5019C2C22426B8AC00B258F8 /* RecentBlocksViewControllerUITests.swift */ = {isa = PBXFileReference; fileEncoding = 4; lastKnownFileType = sourcecode.swift; path = RecentBlocksViewControllerUITests.swift; sourceTree = "<group>"; };
		5019C2C72426BE7C00B258F8 /* RecentBlocksViewControllerUITests.swift */ = {isa = PBXFileReference; fileEncoding = 4; lastKnownFileType = sourcecode.swift; path = RecentBlocksViewControllerUITests.swift; sourceTree = "<group>"; };
		5019C2C92426BE7C00B258F8 /* NetworkingTests.swift */ = {isa = PBXFileReference; fileEncoding = 4; lastKnownFileType = sourcecode.swift; path = NetworkingTests.swift; sourceTree = "<group>"; };
		5019C2CB2426BE7C00B258F8 /* MockDataProvider.swift */ = {isa = PBXFileReference; fileEncoding = 4; lastKnownFileType = sourcecode.swift; path = MockDataProvider.swift; sourceTree = "<group>"; };
		5019C2CC2426BE7C00B258F8 /* MockEosApi.swift */ = {isa = PBXFileReference; fileEncoding = 4; lastKnownFileType = sourcecode.swift; path = MockEosApi.swift; sourceTree = "<group>"; };
		5019C2D12426CFDF00B258F8 /* BlockDetailsViewControllerTests.swift */ = {isa = PBXFileReference; lastKnownFileType = sourcecode.swift; path = BlockDetailsViewControllerTests.swift; sourceTree = "<group>"; };
		5019C2D32426D8DA00B258F8 /* UtilFunctionsTests.swift */ = {isa = PBXFileReference; lastKnownFileType = sourcecode.swift; path = UtilFunctionsTests.swift; sourceTree = "<group>"; };
		5019C2D62426DD5A00B258F8 /* RecentBlocksViewModelTests.swift */ = {isa = PBXFileReference; lastKnownFileType = sourcecode.swift; path = RecentBlocksViewModelTests.swift; sourceTree = "<group>"; };
		5019C2D82426E29800B258F8 /* BlockDetailsViewModelTests.swift */ = {isa = PBXFileReference; lastKnownFileType = sourcecode.swift; path = BlockDetailsViewModelTests.swift; sourceTree = "<group>"; };
		5019C2DB2426E97400B258F8 /* RecentBlocksCoordinatorTests.swift */ = {isa = PBXFileReference; lastKnownFileType = sourcecode.swift; path = RecentBlocksCoordinatorTests.swift; sourceTree = "<group>"; };
		5019C2DD2426E98600B258F8 /* BlockDetailsCoordinatorTests.swift */ = {isa = PBXFileReference; lastKnownFileType = sourcecode.swift; path = BlockDetailsCoordinatorTests.swift; sourceTree = "<group>"; };
		5019C2E2242715E000B258F8 /* Constants.swift */ = {isa = PBXFileReference; lastKnownFileType = sourcecode.swift; path = Constants.swift; sourceTree = "<group>"; };
		5019C2E82427ADED00B258F8 /* TestContants.swift */ = {isa = PBXFileReference; lastKnownFileType = sourcecode.swift; path = TestContants.swift; sourceTree = "<group>"; };
		5019C2EA2427B72200B258F8 /* CustomXCUIApplication.swift */ = {isa = PBXFileReference; lastKnownFileType = sourcecode.swift; path = CustomXCUIApplication.swift; sourceTree = "<group>"; };
		5019C2EC2427BF9000B258F8 /* BlockDetailsViewControllerUITests.swift */ = {isa = PBXFileReference; lastKnownFileType = sourcecode.swift; path = BlockDetailsViewControllerUITests.swift; sourceTree = "<group>"; };
		5019C2EE2427CF1500B258F8 /* UIColor+Extension.swift */ = {isa = PBXFileReference; lastKnownFileType = sourcecode.swift; path = "UIColor+Extension.swift"; sourceTree = "<group>"; };
		50CCB5942424373800E0F0E9 /* blockchain-eos.app */ = {isa = PBXFileReference; explicitFileType = wrapper.application; includeInIndex = 0; path = "blockchain-eos.app"; sourceTree = BUILT_PRODUCTS_DIR; };
		50CCB5A02424373D00E0F0E9 /* Assets.xcassets */ = {isa = PBXFileReference; lastKnownFileType = folder.assetcatalog; path = Assets.xcassets; sourceTree = "<group>"; };
		50CCB5A52424373D00E0F0E9 /* Info.plist */ = {isa = PBXFileReference; lastKnownFileType = text.plist.xml; path = Info.plist; sourceTree = "<group>"; };
		50CCB5AA2424373D00E0F0E9 /* blockchain-eosTests.xctest */ = {isa = PBXFileReference; explicitFileType = wrapper.cfbundle; includeInIndex = 0; path = "blockchain-eosTests.xctest"; sourceTree = BUILT_PRODUCTS_DIR; };
		50CCB5B02424373D00E0F0E9 /* Info.plist */ = {isa = PBXFileReference; lastKnownFileType = text.plist.xml; path = Info.plist; sourceTree = "<group>"; };
		50CCB5B52424373D00E0F0E9 /* blockchain-eosUITests.xctest */ = {isa = PBXFileReference; explicitFileType = wrapper.cfbundle; includeInIndex = 0; path = "blockchain-eosUITests.xctest"; sourceTree = BUILT_PRODUCTS_DIR; };
		50CCB5BB2424373D00E0F0E9 /* Info.plist */ = {isa = PBXFileReference; lastKnownFileType = text.plist.xml; path = Info.plist; sourceTree = "<group>"; };
		642C4A3FCF86BD750130B495 /* Pods_blockchain_eos_blockchain_eosUITests.framework */ = {isa = PBXFileReference; explicitFileType = wrapper.framework; includeInIndex = 0; path = Pods_blockchain_eos_blockchain_eosUITests.framework; sourceTree = BUILT_PRODUCTS_DIR; };
		A1F5B019575CFA0FEA7A51FD /* Pods_blockchain_eos.framework */ = {isa = PBXFileReference; explicitFileType = wrapper.framework; includeInIndex = 0; path = Pods_blockchain_eos.framework; sourceTree = BUILT_PRODUCTS_DIR; };
		AD3F2E559AC032B1FFE7E738 /* Pods-blockchain-eosTests.release.xcconfig */ = {isa = PBXFileReference; includeInIndex = 1; lastKnownFileType = text.xcconfig; name = "Pods-blockchain-eosTests.release.xcconfig"; path = "Target Support Files/Pods-blockchain-eosTests/Pods-blockchain-eosTests.release.xcconfig"; sourceTree = "<group>"; };
		B8CDBA221433F2ADB9163500 /* Pods_blockchain_eosTests.framework */ = {isa = PBXFileReference; explicitFileType = wrapper.framework; includeInIndex = 0; path = Pods_blockchain_eosTests.framework; sourceTree = BUILT_PRODUCTS_DIR; };
		BA1453B729FEF29CFFD4B0DE /* Pods-blockchain-eos-blockchain-eosUITests.release.xcconfig */ = {isa = PBXFileReference; includeInIndex = 1; lastKnownFileType = text.xcconfig; name = "Pods-blockchain-eos-blockchain-eosUITests.release.xcconfig"; path = "Target Support Files/Pods-blockchain-eos-blockchain-eosUITests/Pods-blockchain-eos-blockchain-eosUITests.release.xcconfig"; sourceTree = "<group>"; };
		D692BDCCDEFD66E5CD002B71 /* Pods-blockchain-eosTests.debug.xcconfig */ = {isa = PBXFileReference; includeInIndex = 1; lastKnownFileType = text.xcconfig; name = "Pods-blockchain-eosTests.debug.xcconfig"; path = "Target Support Files/Pods-blockchain-eosTests/Pods-blockchain-eosTests.debug.xcconfig"; sourceTree = "<group>"; };
		D96825B4B9C23B41133B3B3A /* Pods-blockchain-eos.release.xcconfig */ = {isa = PBXFileReference; includeInIndex = 1; lastKnownFileType = text.xcconfig; name = "Pods-blockchain-eos.release.xcconfig"; path = "Target Support Files/Pods-blockchain-eos/Pods-blockchain-eos.release.xcconfig"; sourceTree = "<group>"; };
/* End PBXFileReference section */

/* Begin PBXFrameworksBuildPhase section */
		50CCB5912424373800E0F0E9 /* Frameworks */ = {
			isa = PBXFrameworksBuildPhase;
			buildActionMask = 2147483647;
			files = (
				07770A261D94AD828B4E00B3 /* Pods_blockchain_eos.framework in Frameworks */,
			);
			runOnlyForDeploymentPostprocessing = 0;
		};
		50CCB5A72424373D00E0F0E9 /* Frameworks */ = {
			isa = PBXFrameworksBuildPhase;
			buildActionMask = 2147483647;
			files = (
				C0459390FEAC8415BF54DBE5 /* Pods_blockchain_eosTests.framework in Frameworks */,
			);
			runOnlyForDeploymentPostprocessing = 0;
		};
		50CCB5B22424373D00E0F0E9 /* Frameworks */ = {
			isa = PBXFrameworksBuildPhase;
			buildActionMask = 2147483647;
			files = (
				584E14731CDD020AEEF96FE6 /* Pods_blockchain_eos_blockchain_eosUITests.framework in Frameworks */,
			);
			runOnlyForDeploymentPostprocessing = 0;
		};
/* End PBXFrameworksBuildPhase section */

/* Begin PBXGroup section */
		3AC7B961BD7472CD27D9D41E /* Frameworks */ = {
			isa = PBXGroup;
			children = (
				A1F5B019575CFA0FEA7A51FD /* Pods_blockchain_eos.framework */,
				642C4A3FCF86BD750130B495 /* Pods_blockchain_eos_blockchain_eosUITests.framework */,
				B8CDBA221433F2ADB9163500 /* Pods_blockchain_eosTests.framework */,
			);
			name = Frameworks;
			sourceTree = "<group>";
		};
		5019C2782424885200B258F8 /* Storyboards */ = {
			isa = PBXGroup;
			children = (
				5019C2792424885200B258F8 /* LaunchScreen.storyboard */,
				5019C27A2424885200B258F8 /* Main.storyboard */,
			);
			path = Storyboards;
			sourceTree = "<group>";
		};
		5019C27B2424885200B258F8 /* Flows */ = {
			isa = PBXGroup;
			children = (
				5019C27C2424885200B258F8 /* Recent Blocks */,
			);
			path = Flows;
			sourceTree = "<group>";
		};
		5019C27C2424885200B258F8 /* Recent Blocks */ = {
			isa = PBXGroup;
			children = (
				5019C2AF2426748500B258F8 /* Views */,
				5019C2A62426432900B258F8 /* View Models */,
				5019C27D2424885200B258F8 /* Coordinators */,
				5019C27E2424885200B258F8 /* View Controllers */,
			);
			path = "Recent Blocks";
			sourceTree = "<group>";
		};
		5019C27D2424885200B258F8 /* Coordinators */ = {
			isa = PBXGroup;
			children = (
				5019C28C24248B1F00B258F8 /* RecentBlocksCoordinator.swift */,
				5019C28E24248BCB00B258F8 /* BlockDetailsCoordinator.swift */,
			);
			path = Coordinators;
			sourceTree = "<group>";
		};
		5019C27E2424885200B258F8 /* View Controllers */ = {
			isa = PBXGroup;
			children = (
				5019C2852424889300B258F8 /* RecentBlocksViewController.swift */,
				5019C2962425953700B258F8 /* BlockDetailsViewController.swift */,
			);
			path = "View Controllers";
			sourceTree = "<group>";
		};
		5019C2802424885200B258F8 /* Networking */ = {
			isa = PBXGroup;
			children = (
				5019C2942424FD2000B258F8 /* EosApiClient.swift */,
				5019C2872424898000B258F8 /* EosApi.swift */,
				500D789C24282C2A000C243F /* EOSIOBasedApiClient.swift */,
				500D789E24283956000C243F /* APIClientFactory.swift */,
			);
			path = Networking;
			sourceTree = "<group>";
		};
		5019C2812424885200B258F8 /* Models */ = {
			isa = PBXGroup;
			children = (
				5019C29024248E6000B258F8 /* EosBlock.swift */,
				5019C29224248ECD00B258F8 /* EosInfo.swift */,
			);
			path = Models;
			sourceTree = "<group>";
		};
		5019C28924248AD500B258F8 /* Base */ = {
			isa = PBXGroup;
			children = (
				5019C28A24248AE500B258F8 /* Coordinator.swift */,
				5019C2A424263FA800B258F8 /* BaseViewController.swift */,
				5019C2AD242664B400B258F8 /* BaseViewModel.swift */,
			);
			path = Base;
			sourceTree = "<group>";
		};
		5019C29A2425A65500B258F8 /* Extensions */ = {
			isa = PBXGroup;
			children = (
				5019C29B2425A66700B258F8 /* UIViewController+Extension.swift */,
				5019C2EE2427CF1500B258F8 /* UIColor+Extension.swift */,
			);
			path = Extensions;
			sourceTree = "<group>";
		};
		5019C29D24263F3700B258F8 /* App */ = {
			isa = PBXGroup;
			children = (
				5019C29E24263F3700B258F8 /* AppCoordinator.swift */,
				5019C29F24263F3700B258F8 /* AppDelegate.swift */,
			);
			path = App;
			sourceTree = "<group>";
		};
		5019C2A62426432900B258F8 /* View Models */ = {
			isa = PBXGroup;
			children = (
				5019C2A72426438100B258F8 /* RecentBlocksViewModel.swift */,
				5019C2B424268FEF00B258F8 /* BlockDetailsViewModel.swift */,
			);
			path = "View Models";
			sourceTree = "<group>";
		};
		5019C2AF2426748500B258F8 /* Views */ = {
			isa = PBXGroup;
			children = (
				5019C2B0242674A400B258F8 /* EosBlockTableViewCell.swift */,
			);
			path = Views;
			sourceTree = "<group>";
		};
		5019C2C62426BE7C00B258F8 /* Behavior Driven Tests */ = {
			isa = PBXGroup;
			children = (
				5019C2C72426BE7C00B258F8 /* RecentBlocksViewControllerUITests.swift */,
				5019C2D12426CFDF00B258F8 /* BlockDetailsViewControllerTests.swift */,
			);
			path = "Behavior Driven Tests";
			sourceTree = "<group>";
		};
		5019C2C82426BE7C00B258F8 /* Functional Tests */ = {
			isa = PBXGroup;
			children = (
				5019C2C92426BE7C00B258F8 /* NetworkingTests.swift */,
				5019C2D32426D8DA00B258F8 /* UtilFunctionsTests.swift */,
			);
			path = "Functional Tests";
			sourceTree = "<group>";
		};
		5019C2CA2426BE7C00B258F8 /* Mock */ = {
			isa = PBXGroup;
			children = (
				5019C2CB2426BE7C00B258F8 /* MockDataProvider.swift */,
				5019C2CC2426BE7C00B258F8 /* MockEosApi.swift */,
			);
			path = Mock;
			sourceTree = "<group>";
		};
		5019C2D52426DAEA00B258F8 /* View Model Tests */ = {
			isa = PBXGroup;
			children = (
				5019C2D62426DD5A00B258F8 /* RecentBlocksViewModelTests.swift */,
				5019C2D82426E29800B258F8 /* BlockDetailsViewModelTests.swift */,
			);
			path = "View Model Tests";
			sourceTree = "<group>";
		};
		5019C2DA2426E96100B258F8 /* Coordinator Tests */ = {
			isa = PBXGroup;
			children = (
				5019C2DB2426E97400B258F8 /* RecentBlocksCoordinatorTests.swift */,
				5019C2DD2426E98600B258F8 /* BlockDetailsCoordinatorTests.swift */,
			);
			path = "Coordinator Tests";
			sourceTree = "<group>";
		};
		5019C2E1242715CF00B258F8 /* Constants */ = {
			isa = PBXGroup;
			children = (
				5019C2E2242715E000B258F8 /* Constants.swift */,
			);
			path = Constants;
			sourceTree = "<group>";
		};
		50CCB58B2424373800E0F0E9 = {
			isa = PBXGroup;
			children = (
				50CCB5962424373800E0F0E9 /* blockchain-eos */,
				50CCB5AD2424373D00E0F0E9 /* blockchain-eosTests */,
				50CCB5B82424373D00E0F0E9 /* blockchain-eosUITests */,
				50CCB5952424373800E0F0E9 /* Products */,
				8959CD8969D9A03CCD193D79 /* Pods */,
				3AC7B961BD7472CD27D9D41E /* Frameworks */,
			);
			sourceTree = "<group>";
		};
		50CCB5952424373800E0F0E9 /* Products */ = {
			isa = PBXGroup;
			children = (
				50CCB5942424373800E0F0E9 /* blockchain-eos.app */,
				50CCB5AA2424373D00E0F0E9 /* blockchain-eosTests.xctest */,
				50CCB5B52424373D00E0F0E9 /* blockchain-eosUITests.xctest */,
			);
			name = Products;
			sourceTree = "<group>";
		};
		50CCB5962424373800E0F0E9 /* blockchain-eos */ = {
			isa = PBXGroup;
			children = (
				5019C2E1242715CF00B258F8 /* Constants */,
				5019C29D24263F3700B258F8 /* App */,
				5019C29A2425A65500B258F8 /* Extensions */,
				5019C28924248AD500B258F8 /* Base */,
				5019C27B2424885200B258F8 /* Flows */,
				5019C2812424885200B258F8 /* Models */,
				5019C2802424885200B258F8 /* Networking */,
				5019C2782424885200B258F8 /* Storyboards */,
				50CCB5A02424373D00E0F0E9 /* Assets.xcassets */,
				50CCB5A52424373D00E0F0E9 /* Info.plist */,
			);
			path = "blockchain-eos";
			sourceTree = "<group>";
		};
		50CCB5AD2424373D00E0F0E9 /* blockchain-eosTests */ = {
			isa = PBXGroup;
			children = (
				5019C2DA2426E96100B258F8 /* Coordinator Tests */,
				5019C2D52426DAEA00B258F8 /* View Model Tests */,
				5019C2C82426BE7C00B258F8 /* Functional Tests */,
				5019C2CA2426BE7C00B258F8 /* Mock */,
				5019C2C62426BE7C00B258F8 /* Behavior Driven Tests */,
				50CCB5B02424373D00E0F0E9 /* Info.plist */,
			);
			path = "blockchain-eosTests";
			sourceTree = "<group>";
		};
		50CCB5B82424373D00E0F0E9 /* blockchain-eosUITests */ = {
			isa = PBXGroup;
			children = (
				5019C2C22426B8AC00B258F8 /* RecentBlocksViewControllerUITests.swift */,
				50CCB5BB2424373D00E0F0E9 /* Info.plist */,
				5019C2E82427ADED00B258F8 /* TestContants.swift */,
				5019C2EA2427B72200B258F8 /* CustomXCUIApplication.swift */,
				5019C2EC2427BF9000B258F8 /* BlockDetailsViewControllerUITests.swift */,
			);
			path = "blockchain-eosUITests";
			sourceTree = "<group>";
		};
		8959CD8969D9A03CCD193D79 /* Pods */ = {
			isa = PBXGroup;
			children = (
				13B243C1FE37609779EC6F8B /* Pods-blockchain-eos.debug.xcconfig */,
				D96825B4B9C23B41133B3B3A /* Pods-blockchain-eos.release.xcconfig */,
				373B810E56DE49756F6E1325 /* Pods-blockchain-eos-blockchain-eosUITests.debug.xcconfig */,
				BA1453B729FEF29CFFD4B0DE /* Pods-blockchain-eos-blockchain-eosUITests.release.xcconfig */,
				D692BDCCDEFD66E5CD002B71 /* Pods-blockchain-eosTests.debug.xcconfig */,
				AD3F2E559AC032B1FFE7E738 /* Pods-blockchain-eosTests.release.xcconfig */,
			);
			path = Pods;
			sourceTree = "<group>";
		};
/* End PBXGroup section */

/* Begin PBXNativeTarget section */
		50CCB5932424373800E0F0E9 /* blockchain-eos */ = {
			isa = PBXNativeTarget;
			buildConfigurationList = 50CCB5BE2424373D00E0F0E9 /* Build configuration list for PBXNativeTarget "blockchain-eos" */;
			buildPhases = (
				A0141BE16B3EAD5F319783BE /* [CP] Check Pods Manifest.lock */,
				50CCB5902424373800E0F0E9 /* Sources */,
				50CCB5912424373800E0F0E9 /* Frameworks */,
				50CCB5922424373800E0F0E9 /* Resources */,
				FC331661AD6BB7213FCE8768 /* [CP] Embed Pods Frameworks */,
			);
			buildRules = (
			);
			dependencies = (
			);
			name = "blockchain-eos";
			productName = "blockchain-eos";
			productReference = 50CCB5942424373800E0F0E9 /* blockchain-eos.app */;
			productType = "com.apple.product-type.application";
		};
		50CCB5A92424373D00E0F0E9 /* blockchain-eosTests */ = {
			isa = PBXNativeTarget;
			buildConfigurationList = 50CCB5C12424373D00E0F0E9 /* Build configuration list for PBXNativeTarget "blockchain-eosTests" */;
			buildPhases = (
				703A76CD8C567A35BB618C1C /* [CP] Check Pods Manifest.lock */,
				50CCB5A62424373D00E0F0E9 /* Sources */,
				50CCB5A72424373D00E0F0E9 /* Frameworks */,
				50CCB5A82424373D00E0F0E9 /* Resources */,
				5488B6A14CD5C0B74E80FE2A /* [CP] Embed Pods Frameworks */,
			);
			buildRules = (
			);
			dependencies = (
				50CCB5AC2424373D00E0F0E9 /* PBXTargetDependency */,
			);
			name = "blockchain-eosTests";
			productName = "blockchain-eosTests";
			productReference = 50CCB5AA2424373D00E0F0E9 /* blockchain-eosTests.xctest */;
			productType = "com.apple.product-type.bundle.unit-test";
		};
		50CCB5B42424373D00E0F0E9 /* blockchain-eosUITests */ = {
			isa = PBXNativeTarget;
			buildConfigurationList = 50CCB5C42424373D00E0F0E9 /* Build configuration list for PBXNativeTarget "blockchain-eosUITests" */;
			buildPhases = (
				ED860E1AA36048606CC6DAD9 /* [CP] Check Pods Manifest.lock */,
				50CCB5B12424373D00E0F0E9 /* Sources */,
				50CCB5B22424373D00E0F0E9 /* Frameworks */,
				50CCB5B32424373D00E0F0E9 /* Resources */,
				C5D8BCD6AD02B8F19191FEB7 /* [CP] Embed Pods Frameworks */,
			);
			buildRules = (
			);
			dependencies = (
				50CCB5B72424373D00E0F0E9 /* PBXTargetDependency */,
			);
			name = "blockchain-eosUITests";
			productName = "blockchain-eosUITests";
			productReference = 50CCB5B52424373D00E0F0E9 /* blockchain-eosUITests.xctest */;
			productType = "com.apple.product-type.bundle.ui-testing";
		};
/* End PBXNativeTarget section */

/* Begin PBXProject section */
		50CCB58C2424373800E0F0E9 /* Project object */ = {
			isa = PBXProject;
			attributes = {
				LastSwiftUpdateCheck = 1130;
				LastUpgradeCheck = 1130;
				ORGANIZATIONNAME = "Tai Huu Ho";
				TargetAttributes = {
					50CCB5932424373800E0F0E9 = {
						CreatedOnToolsVersion = 11.3.1;
					};
					50CCB5A92424373D00E0F0E9 = {
						CreatedOnToolsVersion = 11.3.1;
						TestTargetID = 50CCB5932424373800E0F0E9;
					};
					50CCB5B42424373D00E0F0E9 = {
						CreatedOnToolsVersion = 11.3.1;
						LastSwiftMigration = 1130;
						TestTargetID = 50CCB5932424373800E0F0E9;
					};
				};
			};
			buildConfigurationList = 50CCB58F2424373800E0F0E9 /* Build configuration list for PBXProject "blockchain-eos" */;
			compatibilityVersion = "Xcode 9.3";
			developmentRegion = en;
			hasScannedForEncodings = 0;
			knownRegions = (
				en,
				Base,
			);
			mainGroup = 50CCB58B2424373800E0F0E9;
			productRefGroup = 50CCB5952424373800E0F0E9 /* Products */;
			projectDirPath = "";
			projectRoot = "";
			targets = (
				50CCB5932424373800E0F0E9 /* blockchain-eos */,
				50CCB5A92424373D00E0F0E9 /* blockchain-eosTests */,
				50CCB5B42424373D00E0F0E9 /* blockchain-eosUITests */,
			);
		};
/* End PBXProject section */

/* Begin PBXResourcesBuildPhase section */
		50CCB5922424373800E0F0E9 /* Resources */ = {
			isa = PBXResourcesBuildPhase;
			buildActionMask = 2147483647;
			files = (
				5019C2832424885200B258F8 /* Main.storyboard in Resources */,
				50CCB5A12424373D00E0F0E9 /* Assets.xcassets in Resources */,
				5019C2822424885200B258F8 /* LaunchScreen.storyboard in Resources */,
			);
			runOnlyForDeploymentPostprocessing = 0;
		};
		50CCB5A82424373D00E0F0E9 /* Resources */ = {
			isa = PBXResourcesBuildPhase;
			buildActionMask = 2147483647;
			files = (
			);
			runOnlyForDeploymentPostprocessing = 0;
		};
		50CCB5B32424373D00E0F0E9 /* Resources */ = {
			isa = PBXResourcesBuildPhase;
			buildActionMask = 2147483647;
			files = (
			);
			runOnlyForDeploymentPostprocessing = 0;
		};
/* End PBXResourcesBuildPhase section */

/* Begin PBXShellScriptBuildPhase section */
		5488B6A14CD5C0B74E80FE2A /* [CP] Embed Pods Frameworks */ = {
			isa = PBXShellScriptBuildPhase;
			buildActionMask = 2147483647;
			files = (
			);
			inputFileListPaths = (
				"${PODS_ROOT}/Target Support Files/Pods-blockchain-eosTests/Pods-blockchain-eosTests-frameworks-${CONFIGURATION}-input-files.xcfilelist",
			);
			name = "[CP] Embed Pods Frameworks";
			outputFileListPaths = (
				"${PODS_ROOT}/Target Support Files/Pods-blockchain-eosTests/Pods-blockchain-eosTests-frameworks-${CONFIGURATION}-output-files.xcfilelist",
			);
			runOnlyForDeploymentPostprocessing = 0;
			shellPath = /bin/sh;
			shellScript = "\"${PODS_ROOT}/Target Support Files/Pods-blockchain-eosTests/Pods-blockchain-eosTests-frameworks.sh\"\n";
			showEnvVarsInLog = 0;
		};
		703A76CD8C567A35BB618C1C /* [CP] Check Pods Manifest.lock */ = {
			isa = PBXShellScriptBuildPhase;
			buildActionMask = 2147483647;
			files = (
			);
			inputFileListPaths = (
			);
			inputPaths = (
				"${PODS_PODFILE_DIR_PATH}/Podfile.lock",
				"${PODS_ROOT}/Manifest.lock",
			);
			name = "[CP] Check Pods Manifest.lock";
			outputFileListPaths = (
			);
			outputPaths = (
				"$(DERIVED_FILE_DIR)/Pods-blockchain-eosTests-checkManifestLockResult.txt",
			);
			runOnlyForDeploymentPostprocessing = 0;
			shellPath = /bin/sh;
			shellScript = "diff \"${PODS_PODFILE_DIR_PATH}/Podfile.lock\" \"${PODS_ROOT}/Manifest.lock\" > /dev/null\nif [ $? != 0 ] ; then\n    # print error to STDERR\n    echo \"error: The sandbox is not in sync with the Podfile.lock. Run 'pod install' or update your CocoaPods installation.\" >&2\n    exit 1\nfi\n# This output is used by Xcode 'outputs' to avoid re-running this script phase.\necho \"SUCCESS\" > \"${SCRIPT_OUTPUT_FILE_0}\"\n";
			showEnvVarsInLog = 0;
		};
		A0141BE16B3EAD5F319783BE /* [CP] Check Pods Manifest.lock */ = {
			isa = PBXShellScriptBuildPhase;
			buildActionMask = 2147483647;
			files = (
			);
			inputFileListPaths = (
			);
			inputPaths = (
				"${PODS_PODFILE_DIR_PATH}/Podfile.lock",
				"${PODS_ROOT}/Manifest.lock",
			);
			name = "[CP] Check Pods Manifest.lock";
			outputFileListPaths = (
			);
			outputPaths = (
				"$(DERIVED_FILE_DIR)/Pods-blockchain-eos-checkManifestLockResult.txt",
			);
			runOnlyForDeploymentPostprocessing = 0;
			shellPath = /bin/sh;
			shellScript = "diff \"${PODS_PODFILE_DIR_PATH}/Podfile.lock\" \"${PODS_ROOT}/Manifest.lock\" > /dev/null\nif [ $? != 0 ] ; then\n    # print error to STDERR\n    echo \"error: The sandbox is not in sync with the Podfile.lock. Run 'pod install' or update your CocoaPods installation.\" >&2\n    exit 1\nfi\n# This output is used by Xcode 'outputs' to avoid re-running this script phase.\necho \"SUCCESS\" > \"${SCRIPT_OUTPUT_FILE_0}\"\n";
			showEnvVarsInLog = 0;
		};
		C5D8BCD6AD02B8F19191FEB7 /* [CP] Embed Pods Frameworks */ = {
			isa = PBXShellScriptBuildPhase;
			buildActionMask = 2147483647;
			files = (
			);
			inputFileListPaths = (
				"${PODS_ROOT}/Target Support Files/Pods-blockchain-eos-blockchain-eosUITests/Pods-blockchain-eos-blockchain-eosUITests-frameworks-${CONFIGURATION}-input-files.xcfilelist",
			);
			name = "[CP] Embed Pods Frameworks";
			outputFileListPaths = (
				"${PODS_ROOT}/Target Support Files/Pods-blockchain-eos-blockchain-eosUITests/Pods-blockchain-eos-blockchain-eosUITests-frameworks-${CONFIGURATION}-output-files.xcfilelist",
			);
			runOnlyForDeploymentPostprocessing = 0;
			shellPath = /bin/sh;
			shellScript = "\"${PODS_ROOT}/Target Support Files/Pods-blockchain-eos-blockchain-eosUITests/Pods-blockchain-eos-blockchain-eosUITests-frameworks.sh\"\n";
			showEnvVarsInLog = 0;
		};
		ED860E1AA36048606CC6DAD9 /* [CP] Check Pods Manifest.lock */ = {
			isa = PBXShellScriptBuildPhase;
			buildActionMask = 2147483647;
			files = (
			);
			inputFileListPaths = (
			);
			inputPaths = (
				"${PODS_PODFILE_DIR_PATH}/Podfile.lock",
				"${PODS_ROOT}/Manifest.lock",
			);
			name = "[CP] Check Pods Manifest.lock";
			outputFileListPaths = (
			);
			outputPaths = (
				"$(DERIVED_FILE_DIR)/Pods-blockchain-eos-blockchain-eosUITests-checkManifestLockResult.txt",
			);
			runOnlyForDeploymentPostprocessing = 0;
			shellPath = /bin/sh;
			shellScript = "diff \"${PODS_PODFILE_DIR_PATH}/Podfile.lock\" \"${PODS_ROOT}/Manifest.lock\" > /dev/null\nif [ $? != 0 ] ; then\n    # print error to STDERR\n    echo \"error: The sandbox is not in sync with the Podfile.lock. Run 'pod install' or update your CocoaPods installation.\" >&2\n    exit 1\nfi\n# This output is used by Xcode 'outputs' to avoid re-running this script phase.\necho \"SUCCESS\" > \"${SCRIPT_OUTPUT_FILE_0}\"\n";
			showEnvVarsInLog = 0;
		};
		FC331661AD6BB7213FCE8768 /* [CP] Embed Pods Frameworks */ = {
			isa = PBXShellScriptBuildPhase;
			buildActionMask = 2147483647;
			files = (
			);
			inputFileListPaths = (
				"${PODS_ROOT}/Target Support Files/Pods-blockchain-eos/Pods-blockchain-eos-frameworks-${CONFIGURATION}-input-files.xcfilelist",
			);
			name = "[CP] Embed Pods Frameworks";
			outputFileListPaths = (
				"${PODS_ROOT}/Target Support Files/Pods-blockchain-eos/Pods-blockchain-eos-frameworks-${CONFIGURATION}-output-files.xcfilelist",
			);
			runOnlyForDeploymentPostprocessing = 0;
			shellPath = /bin/sh;
			shellScript = "\"${PODS_ROOT}/Target Support Files/Pods-blockchain-eos/Pods-blockchain-eos-frameworks.sh\"\n";
			showEnvVarsInLog = 0;
		};
/* End PBXShellScriptBuildPhase section */

/* Begin PBXSourcesBuildPhase section */
		50CCB5902424373800E0F0E9 /* Sources */ = {
			isa = PBXSourcesBuildPhase;
			buildActionMask = 2147483647;
			files = (
				5019C2A224263F3700B258F8 /* AppDelegate.swift in Sources */,
				5019C2E3242715E000B258F8 /* Constants.swift in Sources */,
				5019C2A124263F3700B258F8 /* AppCoordinator.swift in Sources */,
				5019C2882424898000B258F8 /* EosApi.swift in Sources */,
				5019C28D24248B1F00B258F8 /* RecentBlocksCoordinator.swift in Sources */,
				5019C28B24248AE500B258F8 /* Coordinator.swift in Sources */,
				5019C2AE242664B400B258F8 /* BaseViewModel.swift in Sources */,
				5019C2A82426438100B258F8 /* RecentBlocksViewModel.swift in Sources */,
				5019C2A524263FA800B258F8 /* BaseViewController.swift in Sources */,
				5019C29C2425A66700B258F8 /* UIViewController+Extension.swift in Sources */,
				500D789D24282C2A000C243F /* EOSIOBasedApiClient.swift in Sources */,
				5019C29324248ECD00B258F8 /* EosInfo.swift in Sources */,
				5019C2952424FD2000B258F8 /* EosApiClient.swift in Sources */,
				5019C2972425953700B258F8 /* BlockDetailsViewController.swift in Sources */,
				5019C2B524268FEF00B258F8 /* BlockDetailsViewModel.swift in Sources */,
				5019C2B1242674A400B258F8 /* EosBlockTableViewCell.swift in Sources */,
				5019C28F24248BCB00B258F8 /* BlockDetailsCoordinator.swift in Sources */,
				5019C29124248E6000B258F8 /* EosBlock.swift in Sources */,
				5019C2862424889300B258F8 /* RecentBlocksViewController.swift in Sources */,
				500D789F24283956000C243F /* APIClientFactory.swift in Sources */,
				5019C2EF2427CF1600B258F8 /* UIColor+Extension.swift in Sources */,
			);
			runOnlyForDeploymentPostprocessing = 0;
		};
		50CCB5A62424373D00E0F0E9 /* Sources */ = {
			isa = PBXSourcesBuildPhase;
			buildActionMask = 2147483647;
			files = (
				5019C2CD2426BE7C00B258F8 /* RecentBlocksViewControllerUITests.swift in Sources */,
				5019C2D72426DD5A00B258F8 /* RecentBlocksViewModelTests.swift in Sources */,
				5019C2D42426D8DA00B258F8 /* UtilFunctionsTests.swift in Sources */,
				5019C2CF2426BE7C00B258F8 /* MockDataProvider.swift in Sources */,
				5019C2D02426BE7C00B258F8 /* MockEosApi.swift in Sources */,
				5019C2DE2426E98600B258F8 /* BlockDetailsCoordinatorTests.swift in Sources */,
				5019C2CE2426BE7C00B258F8 /* NetworkingTests.swift in Sources */,
				5019C2D92426E29800B258F8 /* BlockDetailsViewModelTests.swift in Sources */,
				5019C2D22426CFDF00B258F8 /* BlockDetailsViewControllerTests.swift in Sources */,
				5019C2DC2426E97400B258F8 /* RecentBlocksCoordinatorTests.swift in Sources */,
			);
			runOnlyForDeploymentPostprocessing = 0;
		};
		50CCB5B12424373D00E0F0E9 /* Sources */ = {
			isa = PBXSourcesBuildPhase;
			buildActionMask = 2147483647;
			files = (
				5019C2C32426B8AD00B258F8 /* RecentBlocksViewControllerUITests.swift in Sources */,
				5019C2EB2427B72200B258F8 /* CustomXCUIApplication.swift in Sources */,
				5019C2E92427ADED00B258F8 /* TestContants.swift in Sources */,
				5019C2ED2427BF9000B258F8 /* BlockDetailsViewControllerUITests.swift in Sources */,
			);
			runOnlyForDeploymentPostprocessing = 0;
		};
/* End PBXSourcesBuildPhase section */

/* Begin PBXTargetDependency section */
		50CCB5AC2424373D00E0F0E9 /* PBXTargetDependency */ = {
			isa = PBXTargetDependency;
			target = 50CCB5932424373800E0F0E9 /* blockchain-eos */;
			targetProxy = 50CCB5AB2424373D00E0F0E9 /* PBXContainerItemProxy */;
		};
		50CCB5B72424373D00E0F0E9 /* PBXTargetDependency */ = {
			isa = PBXTargetDependency;
			target = 50CCB5932424373800E0F0E9 /* blockchain-eos */;
			targetProxy = 50CCB5B62424373D00E0F0E9 /* PBXContainerItemProxy */;
		};
/* End PBXTargetDependency section */

/* Begin XCBuildConfiguration section */
		50CCB5BC2424373D00E0F0E9 /* Debug */ = {
			isa = XCBuildConfiguration;
			buildSettings = {
				ALWAYS_SEARCH_USER_PATHS = NO;
				CLANG_ANALYZER_NONNULL = YES;
				CLANG_ANALYZER_NUMBER_OBJECT_CONVERSION = YES_AGGRESSIVE;
				CLANG_CXX_LANGUAGE_STANDARD = "gnu++14";
				CLANG_CXX_LIBRARY = "libc++";
				CLANG_ENABLE_MODULES = YES;
				CLANG_ENABLE_OBJC_ARC = YES;
				CLANG_ENABLE_OBJC_WEAK = YES;
				CLANG_WARN_BLOCK_CAPTURE_AUTORELEASING = YES;
				CLANG_WARN_BOOL_CONVERSION = YES;
				CLANG_WARN_COMMA = YES;
				CLANG_WARN_CONSTANT_CONVERSION = YES;
				CLANG_WARN_DEPRECATED_OBJC_IMPLEMENTATIONS = YES;
				CLANG_WARN_DIRECT_OBJC_ISA_USAGE = YES_ERROR;
				CLANG_WARN_DOCUMENTATION_COMMENTS = YES;
				CLANG_WARN_EMPTY_BODY = YES;
				CLANG_WARN_ENUM_CONVERSION = YES;
				CLANG_WARN_INFINITE_RECURSION = YES;
				CLANG_WARN_INT_CONVERSION = YES;
				CLANG_WARN_NON_LITERAL_NULL_CONVERSION = YES;
				CLANG_WARN_OBJC_IMPLICIT_RETAIN_SELF = YES;
				CLANG_WARN_OBJC_LITERAL_CONVERSION = YES;
				CLANG_WARN_OBJC_ROOT_CLASS = YES_ERROR;
				CLANG_WARN_RANGE_LOOP_ANALYSIS = YES;
				CLANG_WARN_STRICT_PROTOTYPES = YES;
				CLANG_WARN_SUSPICIOUS_MOVE = YES;
				CLANG_WARN_UNGUARDED_AVAILABILITY = YES_AGGRESSIVE;
				CLANG_WARN_UNREACHABLE_CODE = YES;
				CLANG_WARN__DUPLICATE_METHOD_MATCH = YES;
				COPY_PHASE_STRIP = NO;
				DEBUG_INFORMATION_FORMAT = dwarf;
				ENABLE_STRICT_OBJC_MSGSEND = YES;
				ENABLE_TESTABILITY = YES;
				GCC_C_LANGUAGE_STANDARD = gnu11;
				GCC_DYNAMIC_NO_PIC = NO;
				GCC_NO_COMMON_BLOCKS = YES;
				GCC_OPTIMIZATION_LEVEL = 0;
				GCC_PREPROCESSOR_DEFINITIONS = (
					"DEBUG=1",
					"$(inherited)",
				);
				GCC_WARN_64_TO_32_BIT_CONVERSION = YES;
				GCC_WARN_ABOUT_RETURN_TYPE = YES_ERROR;
				GCC_WARN_UNDECLARED_SELECTOR = YES;
				GCC_WARN_UNINITIALIZED_AUTOS = YES_AGGRESSIVE;
				GCC_WARN_UNUSED_FUNCTION = YES;
				GCC_WARN_UNUSED_VARIABLE = YES;
				IPHONEOS_DEPLOYMENT_TARGET = 11.0;
				MTL_ENABLE_DEBUG_INFO = INCLUDE_SOURCE;
				MTL_FAST_MATH = YES;
				ONLY_ACTIVE_ARCH = YES;
				SDKROOT = iphoneos;
				SWIFT_ACTIVE_COMPILATION_CONDITIONS = DEBUG;
				SWIFT_OPTIMIZATION_LEVEL = "-Onone";
			};
			name = Debug;
		};
		50CCB5BD2424373D00E0F0E9 /* Release */ = {
			isa = XCBuildConfiguration;
			buildSettings = {
				ALWAYS_SEARCH_USER_PATHS = NO;
				CLANG_ANALYZER_NONNULL = YES;
				CLANG_ANALYZER_NUMBER_OBJECT_CONVERSION = YES_AGGRESSIVE;
				CLANG_CXX_LANGUAGE_STANDARD = "gnu++14";
				CLANG_CXX_LIBRARY = "libc++";
				CLANG_ENABLE_MODULES = YES;
				CLANG_ENABLE_OBJC_ARC = YES;
				CLANG_ENABLE_OBJC_WEAK = YES;
				CLANG_WARN_BLOCK_CAPTURE_AUTORELEASING = YES;
				CLANG_WARN_BOOL_CONVERSION = YES;
				CLANG_WARN_COMMA = YES;
				CLANG_WARN_CONSTANT_CONVERSION = YES;
				CLANG_WARN_DEPRECATED_OBJC_IMPLEMENTATIONS = YES;
				CLANG_WARN_DIRECT_OBJC_ISA_USAGE = YES_ERROR;
				CLANG_WARN_DOCUMENTATION_COMMENTS = YES;
				CLANG_WARN_EMPTY_BODY = YES;
				CLANG_WARN_ENUM_CONVERSION = YES;
				CLANG_WARN_INFINITE_RECURSION = YES;
				CLANG_WARN_INT_CONVERSION = YES;
				CLANG_WARN_NON_LITERAL_NULL_CONVERSION = YES;
				CLANG_WARN_OBJC_IMPLICIT_RETAIN_SELF = YES;
				CLANG_WARN_OBJC_LITERAL_CONVERSION = YES;
				CLANG_WARN_OBJC_ROOT_CLASS = YES_ERROR;
				CLANG_WARN_RANGE_LOOP_ANALYSIS = YES;
				CLANG_WARN_STRICT_PROTOTYPES = YES;
				CLANG_WARN_SUSPICIOUS_MOVE = YES;
				CLANG_WARN_UNGUARDED_AVAILABILITY = YES_AGGRESSIVE;
				CLANG_WARN_UNREACHABLE_CODE = YES;
				CLANG_WARN__DUPLICATE_METHOD_MATCH = YES;
				COPY_PHASE_STRIP = NO;
				DEBUG_INFORMATION_FORMAT = "dwarf-with-dsym";
				ENABLE_NS_ASSERTIONS = NO;
				ENABLE_STRICT_OBJC_MSGSEND = YES;
				GCC_C_LANGUAGE_STANDARD = gnu11;
				GCC_NO_COMMON_BLOCKS = YES;
				GCC_WARN_64_TO_32_BIT_CONVERSION = YES;
				GCC_WARN_ABOUT_RETURN_TYPE = YES_ERROR;
				GCC_WARN_UNDECLARED_SELECTOR = YES;
				GCC_WARN_UNINITIALIZED_AUTOS = YES_AGGRESSIVE;
				GCC_WARN_UNUSED_FUNCTION = YES;
				GCC_WARN_UNUSED_VARIABLE = YES;
				IPHONEOS_DEPLOYMENT_TARGET = 11.0;
				MTL_ENABLE_DEBUG_INFO = NO;
				MTL_FAST_MATH = YES;
				SDKROOT = iphoneos;
				SWIFT_COMPILATION_MODE = wholemodule;
				SWIFT_OPTIMIZATION_LEVEL = "-O";
				VALIDATE_PRODUCT = YES;
			};
			name = Release;
		};
		50CCB5BF2424373D00E0F0E9 /* Debug */ = {
			isa = XCBuildConfiguration;
			baseConfigurationReference = 13B243C1FE37609779EC6F8B /* Pods-blockchain-eos.debug.xcconfig */;
			buildSettings = {
				ASSETCATALOG_COMPILER_APPICON_NAME = AppIcon;
				CODE_SIGN_STYLE = Automatic;
				DEVELOPMENT_TEAM = "";
				INFOPLIST_FILE = "blockchain-eos/Info.plist";
				LD_RUNPATH_SEARCH_PATHS = (
					"$(inherited)",
					"@executable_path/Frameworks",
				);
				PRODUCT_BUNDLE_IDENTIFIER = "ho.studio.blockchain-eos";
				PRODUCT_NAME = "$(TARGET_NAME)";
				SWIFT_VERSION = 5.0;
				TARGETED_DEVICE_FAMILY = "1,2";
			};
			name = Debug;
		};
		50CCB5C02424373D00E0F0E9 /* Release */ = {
			isa = XCBuildConfiguration;
			baseConfigurationReference = D96825B4B9C23B41133B3B3A /* Pods-blockchain-eos.release.xcconfig */;
			buildSettings = {
				ASSETCATALOG_COMPILER_APPICON_NAME = AppIcon;
				CODE_SIGN_STYLE = Automatic;
				DEVELOPMENT_TEAM = "";
				INFOPLIST_FILE = "blockchain-eos/Info.plist";
				LD_RUNPATH_SEARCH_PATHS = (
					"$(inherited)",
					"@executable_path/Frameworks",
				);
				PRODUCT_BUNDLE_IDENTIFIER = "ho.studio.blockchain-eos";
				PRODUCT_NAME = "$(TARGET_NAME)";
				SWIFT_VERSION = 5.0;
				TARGETED_DEVICE_FAMILY = "1,2";
			};
			name = Release;
		};
		50CCB5C22424373D00E0F0E9 /* Debug */ = {
			isa = XCBuildConfiguration;
			baseConfigurationReference = D692BDCCDEFD66E5CD002B71 /* Pods-blockchain-eosTests.debug.xcconfig */;
			buildSettings = {
				ALWAYS_EMBED_SWIFT_STANDARD_LIBRARIES = YES;
				BUNDLE_LOADER = "$(TEST_HOST)";
				CODE_SIGN_STYLE = Automatic;
				DEVELOPMENT_TEAM = H9LZ9YB7Y4;
				GCC_PREPROCESSOR_DEFINITIONS = (
					"$(inherited)",
					"COCOAPODS=1",
					TEST,
				);
				INFOPLIST_FILE = "blockchain-eosTests/Info.plist";
				IPHONEOS_DEPLOYMENT_TARGET = 11.0;
				LD_RUNPATH_SEARCH_PATHS = (
					"$(inherited)",
					"@executable_path/Frameworks",
					"@loader_path/Frameworks",
				);
				PRODUCT_BUNDLE_IDENTIFIER = "ho.studio.blockchain-eosTests";
				PRODUCT_NAME = "$(TARGET_NAME)";
				SWIFT_VERSION = 5.0;
				TARGETED_DEVICE_FAMILY = "1,2";
				TEST_HOST = "$(BUILT_PRODUCTS_DIR)/blockchain-eos.app/blockchain-eos";
			};
			name = Debug;
		};
		50CCB5C32424373D00E0F0E9 /* Release */ = {
			isa = XCBuildConfiguration;
			baseConfigurationReference = AD3F2E559AC032B1FFE7E738 /* Pods-blockchain-eosTests.release.xcconfig */;
			buildSettings = {
				ALWAYS_EMBED_SWIFT_STANDARD_LIBRARIES = YES;
				BUNDLE_LOADER = "$(TEST_HOST)";
				CODE_SIGN_STYLE = Automatic;
				DEVELOPMENT_TEAM = H9LZ9YB7Y4;
				INFOPLIST_FILE = "blockchain-eosTests/Info.plist";
				IPHONEOS_DEPLOYMENT_TARGET = 11.0;
				LD_RUNPATH_SEARCH_PATHS = (
					"$(inherited)",
					"@executable_path/Frameworks",
					"@loader_path/Frameworks",
				);
				PRODUCT_BUNDLE_IDENTIFIER = "ho.studio.blockchain-eosTests";
				PRODUCT_NAME = "$(TARGET_NAME)";
				SWIFT_VERSION = 5.0;
				TARGETED_DEVICE_FAMILY = "1,2";
				TEST_HOST = "$(BUILT_PRODUCTS_DIR)/blockchain-eos.app/blockchain-eos";
			};
			name = Release;
		};
		50CCB5C52424373D00E0F0E9 /* Debug */ = {
			isa = XCBuildConfiguration;
			baseConfigurationReference = 373B810E56DE49756F6E1325 /* Pods-blockchain-eos-blockchain-eosUITests.debug.xcconfig */;
			buildSettings = {
				ALWAYS_EMBED_SWIFT_STANDARD_LIBRARIES = YES;
				CLANG_ENABLE_MODULES = YES;
				CODE_SIGN_STYLE = Automatic;
				DEVELOPMENT_TEAM = H9LZ9YB7Y4;
				GCC_PREPROCESSOR_DEFINITIONS = (
					"$(inherited)",
					"COCOAPODS=1",
					TEST,
				);
				INFOPLIST_FILE = "blockchain-eosUITests/Info.plist";
				LD_RUNPATH_SEARCH_PATHS = (
					"$(inherited)",
					"@executable_path/Frameworks",
					"@loader_path/Frameworks",
				);
				PRODUCT_BUNDLE_IDENTIFIER = "ho.studio.blockchain-eosUITests";
				PRODUCT_NAME = "$(TARGET_NAME)";
				SWIFT_OBJC_BRIDGING_HEADER = "";
				SWIFT_OPTIMIZATION_LEVEL = "-Onone";
				SWIFT_VERSION = 5.0;
				TARGETED_DEVICE_FAMILY = "1,2";
				TEST_TARGET_NAME = "blockchain-eos";
			};
			name = Debug;
		};
		50CCB5C62424373D00E0F0E9 /* Release */ = {
			isa = XCBuildConfiguration;
			baseConfigurationReference = BA1453B729FEF29CFFD4B0DE /* Pods-blockchain-eos-blockchain-eosUITests.release.xcconfig */;
			buildSettings = {
				ALWAYS_EMBED_SWIFT_STANDARD_LIBRARIES = YES;
				CLANG_ENABLE_MODULES = YES;
				CODE_SIGN_STYLE = Automatic;
				DEVELOPMENT_TEAM = H9LZ9YB7Y4;
				INFOPLIST_FILE = "blockchain-eosUITests/Info.plist";
				LD_RUNPATH_SEARCH_PATHS = (
					"$(inherited)",
					"@executable_path/Frameworks",
					"@loader_path/Frameworks",
				);
				PRODUCT_BUNDLE_IDENTIFIER = "ho.studio.blockchain-eosUITests";
				PRODUCT_NAME = "$(TARGET_NAME)";
				SWIFT_OBJC_BRIDGING_HEADER = "";
				SWIFT_VERSION = 5.0;
				TARGETED_DEVICE_FAMILY = "1,2";
				TEST_TARGET_NAME = "blockchain-eos";
			};
			name = Release;
		};
/* End XCBuildConfiguration section */

/* Begin XCConfigurationList section */
		50CCB58F2424373800E0F0E9 /* Build configuration list for PBXProject "blockchain-eos" */ = {
			isa = XCConfigurationList;
			buildConfigurations = (
				50CCB5BC2424373D00E0F0E9 /* Debug */,
				50CCB5BD2424373D00E0F0E9 /* Release */,
			);
			defaultConfigurationIsVisible = 0;
			defaultConfigurationName = Release;
		};
		50CCB5BE2424373D00E0F0E9 /* Build configuration list for PBXNativeTarget "blockchain-eos" */ = {
			isa = XCConfigurationList;
			buildConfigurations = (
				50CCB5BF2424373D00E0F0E9 /* Debug */,
				50CCB5C02424373D00E0F0E9 /* Release */,
			);
			defaultConfigurationIsVisible = 0;
			defaultConfigurationName = Release;
		};
		50CCB5C12424373D00E0F0E9 /* Build configuration list for PBXNativeTarget "blockchain-eosTests" */ = {
			isa = XCConfigurationList;
			buildConfigurations = (
				50CCB5C22424373D00E0F0E9 /* Debug */,
				50CCB5C32424373D00E0F0E9 /* Release */,
			);
			defaultConfigurationIsVisible = 0;
			defaultConfigurationName = Release;
		};
		50CCB5C42424373D00E0F0E9 /* Build configuration list for PBXNativeTarget "blockchain-eosUITests" */ = {
			isa = XCConfigurationList;
			buildConfigurations = (
				50CCB5C52424373D00E0F0E9 /* Debug */,
				50CCB5C62424373D00E0F0E9 /* Release */,
			);
			defaultConfigurationIsVisible = 0;
			defaultConfigurationName = Release;
		};
/* End XCConfigurationList section */
	};
	rootObject = 50CCB58C2424373800E0F0E9 /* Project object */;
}
