// !$*UTF8*$!
{
	archiveVersion = 1;
	classes = {
	};
	objectVersion = 50;
	objects = {

/* Begin PBXBuildFile section */
		50CCB5982424373800E0F0E9 /* AppDelegate.swift in Sources */ = {isa = PBXBuildFile; fileRef = 50CCB5972424373800E0F0E9 /* AppDelegate.swift */; };
		50CCB59A2424373800E0F0E9 /* SceneDelegate.swift in Sources */ = {isa = PBXBuildFile; fileRef = 50CCB5992424373800E0F0E9 /* SceneDelegate.swift */; };
		50CCB59C2424373800E0F0E9 /* ViewController.swift in Sources */ = {isa = PBXBuildFile; fileRef = 50CCB59B2424373800E0F0E9 /* ViewController.swift */; };
		50CCB59F2424373800E0F0E9 /* Main.storyboard in Resources */ = {isa = PBXBuildFile; fileRef = 50CCB59D2424373800E0F0E9 /* Main.storyboard */; };
		50CCB5A12424373D00E0F0E9 /* Assets.xcassets in Resources */ = {isa = PBXBuildFile; fileRef = 50CCB5A02424373D00E0F0E9 /* Assets.xcassets */; };
		50CCB5A42424373D00E0F0E9 /* LaunchScreen.storyboard in Resources */ = {isa = PBXBuildFile; fileRef = 50CCB5A22424373D00E0F0E9 /* LaunchScreen.storyboard */; };
		50CCB5AF2424373D00E0F0E9 /* blockchain_eosTests.swift in Sources */ = {isa = PBXBuildFile; fileRef = 50CCB5AE2424373D00E0F0E9 /* blockchain_eosTests.swift */; };
		50CCB5BA2424373D00E0F0E9 /* blockchain_eosUITests.swift in Sources */ = {isa = PBXBuildFile; fileRef = 50CCB5B92424373D00E0F0E9 /* blockchain_eosUITests.swift */; };
/* End PBXBuildFile section */

/* Begin PBXContainerItemProxy section */
		50CCB5AB2424373D00E0F0E9 /* PBXContainerItemProxy */ = {
			isa = PBXContainerItemProxy;
			containerPortal = 50CCB58C2424373800E0F0E9 /* Project object */;
			proxyType = 1;
			remoteGlobalIDString = 50CCB5932424373800E0F0E9;
			remoteInfo = "blockchain-eos";
		};
		50CCB5B62424373D00E0F0E9 /* PBXContainerItemProxy */ = {
			isa = PBXContainerItemProxy;
			containerPortal = 50CCB58C2424373800E0F0E9 /* Project object */;
			proxyType = 1;
			remoteGlobalIDString = 50CCB5932424373800E0F0E9;
			remoteInfo = "blockchain-eos";
		};
/* End PBXContainerItemProxy section */

/* Begin PBXFileReference section */
		50CCB5942424373800E0F0E9 /* blockchain-eos.app */ = {isa = PBXFileReference; explicitFileType = wrapper.application; includeInIndex = 0; path = "blockchain-eos.app"; sourceTree = BUILT_PRODUCTS_DIR; };
		50CCB5972424373800E0F0E9 /* AppDelegate.swift */ = {isa = PBXFileReference; lastKnownFileType = sourcecode.swift; path = AppDelegate.swift; sourceTree = "<group>"; };
		50CCB5992424373800E0F0E9 /* SceneDelegate.swift */ = {isa = PBXFileReference; lastKnownFileType = sourcecode.swift; path = SceneDelegate.swift; sourceTree = "<group>"; };
		50CCB59B2424373800E0F0E9 /* ViewController.swift */ = {isa = PBXFileReference; lastKnownFileType = sourcecode.swift; path = ViewController.swift; sourceTree = "<group>"; };
		50CCB59E2424373800E0F0E9 /* Base */ = {isa = PBXFileReference; lastKnownFileType = file.storyboard; name = Base; path = Base.lproj/Main.storyboard; sourceTree = "<group>"; };
		50CCB5A02424373D00E0F0E9 /* Assets.xcassets */ = {isa = PBXFileReference; lastKnownFileType = folder.assetcatalog; path = Assets.xcassets; sourceTree = "<group>"; };
		50CCB5A32424373D00E0F0E9 /* Base */ = {isa = PBXFileReference; lastKnownFileType = file.storyboard; name = Base; path = Base.lproj/LaunchScreen.storyboard; sourceTree = "<group>"; };
		50CCB5A52424373D00E0F0E9 /* Info.plist */ = {isa = PBXFileReference; lastKnownFileType = text.plist.xml; path = Info.plist; sourceTree = "<group>"; };
		50CCB5AA2424373D00E0F0E9 /* blockchain-eosTests.xctest */ = {isa = PBXFileReference; explicitFileType = wrapper.cfbundle; includeInIndex = 0; path = "blockchain-eosTests.xctest"; sourceTree = BUILT_PRODUCTS_DIR; };
		50CCB5AE2424373D00E0F0E9 /* blockchain_eosTests.swift */ = {isa = PBXFileReference; lastKnownFileType = sourcecode.swift; path = blockchain_eosTests.swift; sourceTree = "<group>"; };
		50CCB5B02424373D00E0F0E9 /* Info.plist */ = {isa = PBXFileReference; lastKnownFileType = text.plist.xml; path = Info.plist; sourceTree = "<group>"; };
		50CCB5B52424373D00E0F0E9 /* blockchain-eosUITests.xctest */ = {isa = PBXFileReference; explicitFileType = wrapper.cfbundle; includeInIndex = 0; path = "blockchain-eosUITests.xctest"; sourceTree = BUILT_PRODUCTS_DIR; };
		50CCB5B92424373D00E0F0E9 /* blockchain_eosUITests.swift */ = {isa = PBXFileReference; lastKnownFileType = sourcecode.swift; path = blockchain_eosUITests.swift; sourceTree = "<group>"; };
		50CCB5BB2424373D00E0F0E9 /* Info.plist */ = {isa = PBXFileReference; lastKnownFileType = text.plist.xml; path = Info.plist; sourceTree = "<group>"; };
/* End PBXFileReference section */

/* Begin PBXFrameworksBuildPhase section */
		50CCB5912424373800E0F0E9 /* Frameworks */ = {
			isa = PBXFrameworksBuildPhase;
			buildActionMask = 2147483647;
			files = (
			);
			runOnlyForDeploymentPostprocessing = 0;
		};
		50CCB5A72424373D00E0F0E9 /* Frameworks */ = {
			isa = PBXFrameworksBuildPhase;
			buildActionMask = 2147483647;
			files = (
			);
			runOnlyForDeploymentPostprocessing = 0;
		};
		50CCB5B22424373D00E0F0E9 /* Frameworks */ = {
			isa = PBXFrameworksBuildPhase;
			buildActionMask = 2147483647;
			files = (
			);
			runOnlyForDeploymentPostprocessing = 0;
		};
/* End PBXFrameworksBuildPhase section */

/* Begin PBXGroup section */
		50CCB58B2424373800E0F0E9 = {
			isa = PBXGroup;
			children = (
				50CCB5962424373800E0F0E9 /* blockchain-eos */,
				50CCB5AD2424373D00E0F0E9 /* blockchain-eosTests */,
				50CCB5B82424373D00E0F0E9 /* blockchain-eosUITests */,
				50CCB5952424373800E0F0E9 /* Products */,
			);
			sourceTree = "<group>";
		};
		50CCB5952424373800E0F0E9 /* Products */ = {
			isa = PBXGroup;
			children = (
				50CCB5942424373800E0F0E9 /* blockchain-eos.app */,
				50CCB5AA2424373D00E0F0E9 /* blockchain-eosTests.xctest */,
				50CCB5B52424373D00E0F0E9 /* blockchain-eosUITests.xctest */,
			);
			name = Products;
			sourceTree = "<group>";
		};
		50CCB5962424373800E0F0E9 /* blockchain-eos */ = {
			isa = PBXGroup;
			children = (
				50CCB5972424373800E0F0E9 /* AppDelegate.swift */,
				50CCB5992424373800E0F0E9 /* SceneDelegate.swift */,
				50CCB59B2424373800E0F0E9 /* ViewController.swift */,
				50CCB59D2424373800E0F0E9 /* Main.storyboard */,
				50CCB5A02424373D00E0F0E9 /* Assets.xcassets */,
				50CCB5A22424373D00E0F0E9 /* LaunchScreen.storyboard */,
				50CCB5A52424373D00E0F0E9 /* Info.plist */,
			);
			path = "blockchain-eos";
			sourceTree = "<group>";
		};
		50CCB5AD2424373D00E0F0E9 /* blockchain-eosTests */ = {
			isa = PBXGroup;
			children = (
				50CCB5AE2424373D00E0F0E9 /* blockchain_eosTests.swift */,
				50CCB5B02424373D00E0F0E9 /* Info.plist */,
			);
			path = "blockchain-eosTests";
			sourceTree = "<group>";
		};
		50CCB5B82424373D00E0F0E9 /* blockchain-eosUITests */ = {
			isa = PBXGroup;
			children = (
				50CCB5B92424373D00E0F0E9 /* blockchain_eosUITests.swift */,
				50CCB5BB2424373D00E0F0E9 /* Info.plist */,
			);
			path = "blockchain-eosUITests";
			sourceTree = "<group>";
		};
/* End PBXGroup section */

/* Begin PBXNativeTarget section */
		50CCB5932424373800E0F0E9 /* blockchain-eos */ = {
			isa = PBXNativeTarget;
			buildConfigurationList = 50CCB5BE2424373D00E0F0E9 /* Build configuration list for PBXNativeTarget "blockchain-eos" */;
			buildPhases = (
				50CCB5902424373800E0F0E9 /* Sources */,
				50CCB5912424373800E0F0E9 /* Frameworks */,
				50CCB5922424373800E0F0E9 /* Resources */,
			);
			buildRules = (
			);
			dependencies = (
			);
			name = "blockchain-eos";
			productName = "blockchain-eos";
			productReference = 50CCB5942424373800E0F0E9 /* blockchain-eos.app */;
			productType = "com.apple.product-type.application";
		};
		50CCB5A92424373D00E0F0E9 /* blockchain-eosTests */ = {
			isa = PBXNativeTarget;
			buildConfigurationList = 50CCB5C12424373D00E0F0E9 /* Build configuration list for PBXNativeTarget "blockchain-eosTests" */;
			buildPhases = (
				50CCB5A62424373D00E0F0E9 /* Sources */,
				50CCB5A72424373D00E0F0E9 /* Frameworks */,
				50CCB5A82424373D00E0F0E9 /* Resources */,
			);
			buildRules = (
			);
			dependencies = (
				50CCB5AC2424373D00E0F0E9 /* PBXTargetDependency */,
			);
			name = "blockchain-eosTests";
			productName = "blockchain-eosTests";
			productReference = 50CCB5AA2424373D00E0F0E9 /* blockchain-eosTests.xctest */;
			productType = "com.apple.product-type.bundle.unit-test";
		};
		50CCB5B42424373D00E0F0E9 /* blockchain-eosUITests */ = {
			isa = PBXNativeTarget;
			buildConfigurationList = 50CCB5C42424373D00E0F0E9 /* Build configuration list for PBXNativeTarget "blockchain-eosUITests" */;
			buildPhases = (
				50CCB5B12424373D00E0F0E9 /* Sources */,
				50CCB5B22424373D00E0F0E9 /* Frameworks */,
				50CCB5B32424373D00E0F0E9 /* Resources */,
			);
			buildRules = (
			);
			dependencies = (
				50CCB5B72424373D00E0F0E9 /* PBXTargetDependency */,
			);
			name = "blockchain-eosUITests";
			productName = "blockchain-eosUITests";
			productReference = 50CCB5B52424373D00E0F0E9 /* blockchain-eosUITests.xctest */;
			productType = "com.apple.product-type.bundle.ui-testing";
		};
/* End PBXNativeTarget section */

/* Begin PBXProject section */
		50CCB58C2424373800E0F0E9 /* Project object */ = {
			isa = PBXProject;
			attributes = {
				LastSwiftUpdateCheck = 1130;
				LastUpgradeCheck = 1130;
				ORGANIZATIONNAME = "Tai Huu Ho";
				TargetAttributes = {
					50CCB5932424373800E0F0E9 = {
						CreatedOnToolsVersion = 11.3.1;
					};
					50CCB5A92424373D00E0F0E9 = {
						CreatedOnToolsVersion = 11.3.1;
						TestTargetID = 50CCB5932424373800E0F0E9;
					};
					50CCB5B42424373D00E0F0E9 = {
						CreatedOnToolsVersion = 11.3.1;
						TestTargetID = 50CCB5932424373800E0F0E9;
					};
				};
			};
			buildConfigurationList = 50CCB58F2424373800E0F0E9 /* Build configuration list for PBXProject "blockchain-eos" */;
			compatibilityVersion = "Xcode 9.3";
			developmentRegion = en;
			hasScannedForEncodings = 0;
			knownRegions = (
				en,
				Base,
			);
			mainGroup = 50CCB58B2424373800E0F0E9;
			productRefGroup = 50CCB5952424373800E0F0E9 /* Products */;
			projectDirPath = "";
			projectRoot = "";
			targets = (
				50CCB5932424373800E0F0E9 /* blockchain-eos */,
				50CCB5A92424373D00E0F0E9 /* blockchain-eosTests */,
				50CCB5B42424373D00E0F0E9 /* blockchain-eosUITests */,
			);
		};
/* End PBXProject section */

/* Begin PBXResourcesBuildPhase section */
		50CCB5922424373800E0F0E9 /* Resources */ = {
			isa = PBXResourcesBuildPhase;
			buildActionMask = 2147483647;
			files = (
				50CCB5A42424373D00E0F0E9 /* LaunchScreen.storyboard in Resources */,
				50CCB5A12424373D00E0F0E9 /* Assets.xcassets in Resources */,
				50CCB59F2424373800E0F0E9 /* Main.storyboard in Resources */,
			);
			runOnlyForDeploymentPostprocessing = 0;
		};
		50CCB5A82424373D00E0F0E9 /* Resources */ = {
			isa = PBXResourcesBuildPhase;
			buildActionMask = 2147483647;
			files = (
			);
			runOnlyForDeploymentPostprocessing = 0;
		};
		50CCB5B32424373D00E0F0E9 /* Resources */ = {
			isa = PBXResourcesBuildPhase;
			buildActionMask = 2147483647;
			files = (
			);
			runOnlyForDeploymentPostprocessing = 0;
		};
/* End PBXResourcesBuildPhase section */

/* Begin PBXSourcesBuildPhase section */
		50CCB5902424373800E0F0E9 /* Sources */ = {
			isa = PBXSourcesBuildPhase;
			buildActionMask = 2147483647;
			files = (
				50CCB59C2424373800E0F0E9 /* ViewController.swift in Sources */,
				50CCB5982424373800E0F0E9 /* AppDelegate.swift in Sources */,
				50CCB59A2424373800E0F0E9 /* SceneDelegate.swift in Sources */,
			);
			runOnlyForDeploymentPostprocessing = 0;
		};
		50CCB5A62424373D00E0F0E9 /* Sources */ = {
			isa = PBXSourcesBuildPhase;
			buildActionMask = 2147483647;
			files = (
				50CCB5AF2424373D00E0F0E9 /* blockchain_eosTests.swift in Sources */,
			);
			runOnlyForDeploymentPostprocessing = 0;
		};
		50CCB5B12424373D00E0F0E9 /* Sources */ = {
			isa = PBXSourcesBuildPhase;
			buildActionMask = 2147483647;
			files = (
				50CCB5BA2424373D00E0F0E9 /* blockchain_eosUITests.swift in Sources */,
			);
			runOnlyForDeploymentPostprocessing = 0;
		};
/* End PBXSourcesBuildPhase section */

/* Begin PBXTargetDependency section */
		50CCB5AC2424373D00E0F0E9 /* PBXTargetDependency */ = {
			isa = PBXTargetDependency;
			target = 50CCB5932424373800E0F0E9 /* blockchain-eos */;
			targetProxy = 50CCB5AB2424373D00E0F0E9 /* PBXContainerItemProxy */;
		};
		50CCB5B72424373D00E0F0E9 /* PBXTargetDependency */ = {
			isa = PBXTargetDependency;
			target = 50CCB5932424373800E0F0E9 /* blockchain-eos */;
			targetProxy = 50CCB5B62424373D00E0F0E9 /* PBXContainerItemProxy */;
		};
/* End PBXTargetDependency section */

/* Begin PBXVariantGroup section */
		50CCB59D2424373800E0F0E9 /* Main.storyboard */ = {
			isa = PBXVariantGroup;
			children = (
				50CCB59E2424373800E0F0E9 /* Base */,
			);
			name = Main.storyboard;
			sourceTree = "<group>";
		};
		50CCB5A22424373D00E0F0E9 /* LaunchScreen.storyboard */ = {
			isa = PBXVariantGroup;
			children = (
				50CCB5A32424373D00E0F0E9 /* Base */,
			);
			name = LaunchScreen.storyboard;
			sourceTree = "<group>";
		};
/* End PBXVariantGroup section */

/* Begin XCBuildConfiguration section */
		50CCB5BC2424373D00E0F0E9 /* Debug */ = {
			isa = XCBuildConfiguration;
			buildSettings = {
				ALWAYS_SEARCH_USER_PATHS = NO;
				CLANG_ANALYZER_NONNULL = YES;
				CLANG_ANALYZER_NUMBER_OBJECT_CONVERSION = YES_AGGRESSIVE;
				CLANG_CXX_LANGUAGE_STANDARD = "gnu++14";
				CLANG_CXX_LIBRARY = "libc++";
				CLANG_ENABLE_MODULES = YES;
				CLANG_ENABLE_OBJC_ARC = YES;
				CLANG_ENABLE_OBJC_WEAK = YES;
				CLANG_WARN_BLOCK_CAPTURE_AUTORELEASING = YES;
				CLANG_WARN_BOOL_CONVERSION = YES;
				CLANG_WARN_COMMA = YES;
				CLANG_WARN_CONSTANT_CONVERSION = YES;
				CLANG_WARN_DEPRECATED_OBJC_IMPLEMENTATIONS = YES;
				CLANG_WARN_DIRECT_OBJC_ISA_USAGE = YES_ERROR;
				CLANG_WARN_DOCUMENTATION_COMMENTS = YES;
				CLANG_WARN_EMPTY_BODY = YES;
				CLANG_WARN_ENUM_CONVERSION = YES;
				CLANG_WARN_INFINITE_RECURSION = YES;
				CLANG_WARN_INT_CONVERSION = YES;
				CLANG_WARN_NON_LITERAL_NULL_CONVERSION = YES;
				CLANG_WARN_OBJC_IMPLICIT_RETAIN_SELF = YES;
				CLANG_WARN_OBJC_LITERAL_CONVERSION = YES;
				CLANG_WARN_OBJC_ROOT_CLASS = YES_ERROR;
				CLANG_WARN_RANGE_LOOP_ANALYSIS = YES;
				CLANG_WARN_STRICT_PROTOTYPES = YES;
				CLANG_WARN_SUSPICIOUS_MOVE = YES;
				CLANG_WARN_UNGUARDED_AVAILABILITY = YES_AGGRESSIVE;
				CLANG_WARN_UNREACHABLE_CODE = YES;
				CLANG_WARN__DUPLICATE_METHOD_MATCH = YES;
				COPY_PHASE_STRIP = NO;
				DEBUG_INFORMATION_FORMAT = dwarf;
				ENABLE_STRICT_OBJC_MSGSEND = YES;
				ENABLE_TESTABILITY = YES;
				GCC_C_LANGUAGE_STANDARD = gnu11;
				GCC_DYNAMIC_NO_PIC = NO;
				GCC_NO_COMMON_BLOCKS = YES;
				GCC_OPTIMIZATION_LEVEL = 0;
				GCC_PREPROCESSOR_DEFINITIONS = (
					"DEBUG=1",
					"$(inherited)",
				);
				GCC_WARN_64_TO_32_BIT_CONVERSION = YES;
				GCC_WARN_ABOUT_RETURN_TYPE = YES_ERROR;
				GCC_WARN_UNDECLARED_SELECTOR = YES;
				GCC_WARN_UNINITIALIZED_AUTOS = YES_AGGRESSIVE;
				GCC_WARN_UNUSED_FUNCTION = YES;
				GCC_WARN_UNUSED_VARIABLE = YES;
				IPHONEOS_DEPLOYMENT_TARGET = 13.2;
				MTL_ENABLE_DEBUG_INFO = INCLUDE_SOURCE;
				MTL_FAST_MATH = YES;
				ONLY_ACTIVE_ARCH = YES;
				SDKROOT = iphoneos;
				SWIFT_ACTIVE_COMPILATION_CONDITIONS = DEBUG;
				SWIFT_OPTIMIZATION_LEVEL = "-Onone";
			};
			name = Debug;
		};
		50CCB5BD2424373D00E0F0E9 /* Release */ = {
			isa = XCBuildConfiguration;
			buildSettings = {
				ALWAYS_SEARCH_USER_PATHS = NO;
				CLANG_ANALYZER_NONNULL = YES;
				CLANG_ANALYZER_NUMBER_OBJECT_CONVERSION = YES_AGGRESSIVE;
				CLANG_CXX_LANGUAGE_STANDARD = "gnu++14";
				CLANG_CXX_LIBRARY = "libc++";
				CLANG_ENABLE_MODULES = YES;
				CLANG_ENABLE_OBJC_ARC = YES;
				CLANG_ENABLE_OBJC_WEAK = YES;
				CLANG_WARN_BLOCK_CAPTURE_AUTORELEASING = YES;
				CLANG_WARN_BOOL_CONVERSION = YES;
				CLANG_WARN_COMMA = YES;
				CLANG_WARN_CONSTANT_CONVERSION = YES;
				CLANG_WARN_DEPRECATED_OBJC_IMPLEMENTATIONS = YES;
				CLANG_WARN_DIRECT_OBJC_ISA_USAGE = YES_ERROR;
				CLANG_WARN_DOCUMENTATION_COMMENTS = YES;
				CLANG_WARN_EMPTY_BODY = YES;
				CLANG_WARN_ENUM_CONVERSION = YES;
				CLANG_WARN_INFINITE_RECURSION = YES;
				CLANG_WARN_INT_CONVERSION = YES;
				CLANG_WARN_NON_LITERAL_NULL_CONVERSION = YES;
				CLANG_WARN_OBJC_IMPLICIT_RETAIN_SELF = YES;
				CLANG_WARN_OBJC_LITERAL_CONVERSION = YES;
				CLANG_WARN_OBJC_ROOT_CLASS = YES_ERROR;
				CLANG_WARN_RANGE_LOOP_ANALYSIS = YES;
				CLANG_WARN_STRICT_PROTOTYPES = YES;
				CLANG_WARN_SUSPICIOUS_MOVE = YES;
				CLANG_WARN_UNGUARDED_AVAILABILITY = YES_AGGRESSIVE;
				CLANG_WARN_UNREACHABLE_CODE = YES;
				CLANG_WARN__DUPLICATE_METHOD_MATCH = YES;
				COPY_PHASE_STRIP = NO;
				DEBUG_INFORMATION_FORMAT = "dwarf-with-dsym";
				ENABLE_NS_ASSERTIONS = NO;
				ENABLE_STRICT_OBJC_MSGSEND = YES;
				GCC_C_LANGUAGE_STANDARD = gnu11;
				GCC_NO_COMMON_BLOCKS = YES;
				GCC_WARN_64_TO_32_BIT_CONVERSION = YES;
				GCC_WARN_ABOUT_RETURN_TYPE = YES_ERROR;
				GCC_WARN_UNDECLARED_SELECTOR = YES;
				GCC_WARN_UNINITIALIZED_AUTOS = YES_AGGRESSIVE;
				GCC_WARN_UNUSED_FUNCTION = YES;
				GCC_WARN_UNUSED_VARIABLE = YES;
				IPHONEOS_DEPLOYMENT_TARGET = 13.2;
				MTL_ENABLE_DEBUG_INFO = NO;
				MTL_FAST_MATH = YES;
				SDKROOT = iphoneos;
				SWIFT_COMPILATION_MODE = wholemodule;
				SWIFT_OPTIMIZATION_LEVEL = "-O";
				VALIDATE_PRODUCT = YES;
			};
			name = Release;
		};
		50CCB5BF2424373D00E0F0E9 /* Debug */ = {
			isa = XCBuildConfiguration;
			buildSettings = {
				ASSETCATALOG_COMPILER_APPICON_NAME = AppIcon;
				CODE_SIGN_STYLE = Automatic;
				DEVELOPMENT_TEAM = H9LZ9YB7Y4;
				INFOPLIST_FILE = "blockchain-eos/Info.plist";
				LD_RUNPATH_SEARCH_PATHS = (
					"$(inherited)",
					"@executable_path/Frameworks",
				);
				PRODUCT_BUNDLE_IDENTIFIER = "ho.studio.blockchain-eos";
				PRODUCT_NAME = "$(TARGET_NAME)";
				SWIFT_VERSION = 5.0;
				TARGETED_DEVICE_FAMILY = "1,2";
			};
			name = Debug;
		};
		50CCB5C02424373D00E0F0E9 /* Release */ = {
			isa = XCBuildConfiguration;
			buildSettings = {
				ASSETCATALOG_COMPILER_APPICON_NAME = AppIcon;
				CODE_SIGN_STYLE = Automatic;
				DEVELOPMENT_TEAM = H9LZ9YB7Y4;
				INFOPLIST_FILE = "blockchain-eos/Info.plist";
				LD_RUNPATH_SEARCH_PATHS = (
					"$(inherited)",
					"@executable_path/Frameworks",
				);
				PRODUCT_BUNDLE_IDENTIFIER = "ho.studio.blockchain-eos";
				PRODUCT_NAME = "$(TARGET_NAME)";
				SWIFT_VERSION = 5.0;
				TARGETED_DEVICE_FAMILY = "1,2";
			};
			name = Release;
		};
		50CCB5C22424373D00E0F0E9 /* Debug */ = {
			isa = XCBuildConfiguration;
			buildSettings = {
				ALWAYS_EMBED_SWIFT_STANDARD_LIBRARIES = YES;
				BUNDLE_LOADER = "$(TEST_HOST)";
				CODE_SIGN_STYLE = Automatic;
				DEVELOPMENT_TEAM = H9LZ9YB7Y4;
				INFOPLIST_FILE = "blockchain-eosTests/Info.plist";
				IPHONEOS_DEPLOYMENT_TARGET = 13.2;
				LD_RUNPATH_SEARCH_PATHS = (
					"$(inherited)",
					"@executable_path/Frameworks",
					"@loader_path/Frameworks",
				);
				PRODUCT_BUNDLE_IDENTIFIER = "ho.studio.blockchain-eosTests";
				PRODUCT_NAME = "$(TARGET_NAME)";
				SWIFT_VERSION = 5.0;
				TARGETED_DEVICE_FAMILY = "1,2";
				TEST_HOST = "$(BUILT_PRODUCTS_DIR)/blockchain-eos.app/blockchain-eos";
			};
			name = Debug;
		};
		50CCB5C32424373D00E0F0E9 /* Release */ = {
			isa = XCBuildConfiguration;
			buildSettings = {
				ALWAYS_EMBED_SWIFT_STANDARD_LIBRARIES = YES;
				BUNDLE_LOADER = "$(TEST_HOST)";
				CODE_SIGN_STYLE = Automatic;
				DEVELOPMENT_TEAM = H9LZ9YB7Y4;
				INFOPLIST_FILE = "blockchain-eosTests/Info.plist";
				IPHONEOS_DEPLOYMENT_TARGET = 13.2;
				LD_RUNPATH_SEARCH_PATHS = (
					"$(inherited)",
					"@executable_path/Frameworks",
					"@loader_path/Frameworks",
				);
				PRODUCT_BUNDLE_IDENTIFIER = "ho.studio.blockchain-eosTests";
				PRODUCT_NAME = "$(TARGET_NAME)";
				SWIFT_VERSION = 5.0;
				TARGETED_DEVICE_FAMILY = "1,2";
				TEST_HOST = "$(BUILT_PRODUCTS_DIR)/blockchain-eos.app/blockchain-eos";
			};
			name = Release;
		};
		50CCB5C52424373D00E0F0E9 /* Debug */ = {
			isa = XCBuildConfiguration;
			buildSettings = {
				ALWAYS_EMBED_SWIFT_STANDARD_LIBRARIES = YES;
				CODE_SIGN_STYLE = Automatic;
				DEVELOPMENT_TEAM = H9LZ9YB7Y4;
				INFOPLIST_FILE = "blockchain-eosUITests/Info.plist";
				LD_RUNPATH_SEARCH_PATHS = (
					"$(inherited)",
					"@executable_path/Frameworks",
					"@loader_path/Frameworks",
				);
				PRODUCT_BUNDLE_IDENTIFIER = "ho.studio.blockchain-eosUITests";
				PRODUCT_NAME = "$(TARGET_NAME)";
				SWIFT_VERSION = 5.0;
				TARGETED_DEVICE_FAMILY = "1,2";
				TEST_TARGET_NAME = "blockchain-eos";
			};
			name = Debug;
		};
		50CCB5C62424373D00E0F0E9 /* Release */ = {
			isa = XCBuildConfiguration;
			buildSettings = {
				ALWAYS_EMBED_SWIFT_STANDARD_LIBRARIES = YES;
				CODE_SIGN_STYLE = Automatic;
				DEVELOPMENT_TEAM = H9LZ9YB7Y4;
				INFOPLIST_FILE = "blockchain-eosUITests/Info.plist";
				LD_RUNPATH_SEARCH_PATHS = (
					"$(inherited)",
					"@executable_path/Frameworks",
					"@loader_path/Frameworks",
				);
				PRODUCT_BUNDLE_IDENTIFIER = "ho.studio.blockchain-eosUITests";
				PRODUCT_NAME = "$(TARGET_NAME)";
				SWIFT_VERSION = 5.0;
				TARGETED_DEVICE_FAMILY = "1,2";
				TEST_TARGET_NAME = "blockchain-eos";
			};
			name = Release;
		};
/* End XCBuildConfiguration section */

/* Begin XCConfigurationList section */
		50CCB58F2424373800E0F0E9 /* Build configuration list for PBXProject "blockchain-eos" */ = {
			isa = XCConfigurationList;
			buildConfigurations = (
				50CCB5BC2424373D00E0F0E9 /* Debug */,
				50CCB5BD2424373D00E0F0E9 /* Release */,
			);
			defaultConfigurationIsVisible = 0;
			defaultConfigurationName = Release;
		};
		50CCB5BE2424373D00E0F0E9 /* Build configuration list for PBXNativeTarget "blockchain-eos" */ = {
			isa = XCConfigurationList;
			buildConfigurations = (
				50CCB5BF2424373D00E0F0E9 /* Debug */,
				50CCB5C02424373D00E0F0E9 /* Release */,
			);
			defaultConfigurationIsVisible = 0;
			defaultConfigurationName = Release;
		};
		50CCB5C12424373D00E0F0E9 /* Build configuration list for PBXNativeTarget "blockchain-eosTests" */ = {
			isa = XCConfigurationList;
			buildConfigurations = (
				50CCB5C22424373D00E0F0E9 /* Debug */,
				50CCB5C32424373D00E0F0E9 /* Release */,
			);
			defaultConfigurationIsVisible = 0;
			defaultConfigurationName = Release;
		};
		50CCB5C42424373D00E0F0E9 /* Build configuration list for PBXNativeTarget "blockchain-eosUITests" */ = {
			isa = XCConfigurationList;
			buildConfigurations = (
				50CCB5C52424373D00E0F0E9 /* Debug */,
				50CCB5C62424373D00E0F0E9 /* Release */,
			);
			defaultConfigurationIsVisible = 0;
			defaultConfigurationName = Release;
		};
/* End XCConfigurationList section */
	};
	rootObject = 50CCB58C2424373800E0F0E9 /* Project object */;
}
